// !$*UTF8*$!
{
	archiveVersion = 1;
	classes = {
	};
	objectVersion = 50;
	objects = {

/* Begin PBXBuildFile section */
		1FA43BD3224E569900F565CB /* AppDelegate.swift in Sources */ = {isa = PBXBuildFile; fileRef = 1FA43BD2224E569900F565CB /* AppDelegate.swift */; };
		1FA43BD5224E569900F565CB /* ViewController.swift in Sources */ = {isa = PBXBuildFile; fileRef = 1FA43BD4224E569900F565CB /* ViewController.swift */; };
		1FA43BD8224E569900F565CB /* Main.storyboard in Resources */ = {isa = PBXBuildFile; fileRef = 1FA43BD6224E569900F565CB /* Main.storyboard */; };
		1FA43BDA224E569A00F565CB /* Assets.xcassets in Resources */ = {isa = PBXBuildFile; fileRef = 1FA43BD9224E569A00F565CB /* Assets.xcassets */; };
		1FA43BDD224E569A00F565CB /* LaunchScreen.storyboard in Resources */ = {isa = PBXBuildFile; fileRef = 1FA43BDB224E569A00F565CB /* LaunchScreen.storyboard */; };
		D30125A926381E63004CE746 /* AlertManager.swift in Sources */ = {isa = PBXBuildFile; fileRef = D30125A826381E63004CE746 /* AlertManager.swift */; };
		D30E91282632D0E8005001B8 /* CountOnMeTestCase.swift in Sources */ = {isa = PBXBuildFile; fileRef = D30E91272632D0E8005001B8 /* CountOnMeTestCase.swift */; };
		D3DE2DA6262EE12200F1CB03 /* Logic.swift in Sources */ = {isa = PBXBuildFile; fileRef = D3DE2DA5262EE12200F1CB03 /* Logic.swift */; };
/* End PBXBuildFile section */

/* Begin PBXContainerItemProxy section */
		D30E911E2632D095005001B8 /* PBXContainerItemProxy */ = {
			isa = PBXContainerItemProxy;
			containerPortal = 1FA43BC7224E569900F565CB /* Project object */;
			proxyType = 1;
			remoteGlobalIDString = 1FA43BCE224E569900F565CB;
			remoteInfo = CountOnMe;
		};
/* End PBXContainerItemProxy section */

/* Begin PBXFileReference section */
		1FA43BCF224E569900F565CB /* CountOnMe.app */ = {isa = PBXFileReference; explicitFileType = wrapper.application; includeInIndex = 0; path = CountOnMe.app; sourceTree = BUILT_PRODUCTS_DIR; };
		1FA43BD2224E569900F565CB /* AppDelegate.swift */ = {isa = PBXFileReference; lastKnownFileType = sourcecode.swift; path = AppDelegate.swift; sourceTree = "<group>"; };
		1FA43BD4224E569900F565CB /* ViewController.swift */ = {isa = PBXFileReference; lastKnownFileType = sourcecode.swift; path = ViewController.swift; sourceTree = "<group>"; };
		1FA43BD7224E569900F565CB /* Base */ = {isa = PBXFileReference; lastKnownFileType = file.storyboard; name = Base; path = Base.lproj/Main.storyboard; sourceTree = "<group>"; };
		1FA43BD9224E569A00F565CB /* Assets.xcassets */ = {isa = PBXFileReference; lastKnownFileType = folder.assetcatalog; path = Assets.xcassets; sourceTree = "<group>"; };
		1FA43BDC224E569A00F565CB /* Base */ = {isa = PBXFileReference; lastKnownFileType = file.storyboard; name = Base; path = Base.lproj/LaunchScreen.storyboard; sourceTree = "<group>"; };
		1FA43BDE224E569A00F565CB /* Info.plist */ = {isa = PBXFileReference; lastKnownFileType = text.plist.xml; path = Info.plist; sourceTree = "<group>"; };
		D30125A826381E63004CE746 /* AlertManager.swift */ = {isa = PBXFileReference; lastKnownFileType = sourcecode.swift; path = AlertManager.swift; sourceTree = "<group>"; };
		D30E91192632D095005001B8 /* CountOnMeTests.xctest */ = {isa = PBXFileReference; explicitFileType = wrapper.cfbundle; includeInIndex = 0; path = CountOnMeTests.xctest; sourceTree = BUILT_PRODUCTS_DIR; };
		D30E911D2632D095005001B8 /* Info.plist */ = {isa = PBXFileReference; lastKnownFileType = text.plist.xml; path = Info.plist; sourceTree = "<group>"; };
		D30E91272632D0E8005001B8 /* CountOnMeTestCase.swift */ = {isa = PBXFileReference; lastKnownFileType = sourcecode.swift; path = CountOnMeTestCase.swift; sourceTree = "<group>"; };
		D3DE2DA5262EE12200F1CB03 /* Logic.swift */ = {isa = PBXFileReference; lastKnownFileType = sourcecode.swift; path = Logic.swift; sourceTree = "<group>"; };
/* End PBXFileReference section */

/* Begin PBXFrameworksBuildPhase section */
		1FA43BCC224E569900F565CB /* Frameworks */ = {
			isa = PBXFrameworksBuildPhase;
			buildActionMask = 2147483647;
			files = (
			);
			runOnlyForDeploymentPostprocessing = 0;
		};
		D30E91162632D095005001B8 /* Frameworks */ = {
			isa = PBXFrameworksBuildPhase;
			buildActionMask = 2147483647;
			files = (
			);
			runOnlyForDeploymentPostprocessing = 0;
		};
/* End PBXFrameworksBuildPhase section */

/* Begin PBXGroup section */
		1FA43BC6224E569900F565CB = {
			isa = PBXGroup;
			children = (
				1FA43BD1224E569900F565CB /* CountOnMe */,
				D30E911A2632D095005001B8 /* CountOnMeTests */,
				1FA43BD0224E569900F565CB /* Products */,
			);
			sourceTree = "<group>";
		};
		1FA43BD0224E569900F565CB /* Products */ = {
			isa = PBXGroup;
			children = (
				1FA43BCF224E569900F565CB /* CountOnMe.app */,
				D30E91192632D095005001B8 /* CountOnMeTests.xctest */,
			);
			name = Products;
			sourceTree = "<group>";
		};
		1FA43BD1224E569900F565CB /* CountOnMe */ = {
			isa = PBXGroup;
			children = (
				1FA43BD2224E569900F565CB /* AppDelegate.swift */,
				1FA43BD9224E569A00F565CB /* Assets.xcassets */,
				1FA43BDB224E569A00F565CB /* LaunchScreen.storyboard */,
				D30125A726381E50004CE746 /* Manager */,
				D31C034F26288F63009296B6 /* Model */,
				D31C034E26288F5F009296B6 /* View */,
				D31C034D26288F5A009296B6 /* Controller  */,
				1FA43BDE224E569A00F565CB /* Info.plist */,
			);
			path = CountOnMe;
			sourceTree = "<group>";
		};
		D30125A726381E50004CE746 /* Manager */ = {
			isa = PBXGroup;
			children = (
				D30125A826381E63004CE746 /* AlertManager.swift */,
			);
			path = Manager;
			sourceTree = "<group>";
		};
		D30E911A2632D095005001B8 /* CountOnMeTests */ = {
			isa = PBXGroup;
			children = (
				D30E911D2632D095005001B8 /* Info.plist */,
				D30E91272632D0E8005001B8 /* CountOnMeTestCase.swift */,
			);
			path = CountOnMeTests;
			sourceTree = "<group>";
		};
		D31C034D26288F5A009296B6 /* Controller  */ = {
			isa = PBXGroup;
			children = (
				1FA43BD4224E569900F565CB /* ViewController.swift */,
			);
			path = "Controller ";
			sourceTree = "<group>";
		};
		D31C034E26288F5F009296B6 /* View */ = {
			isa = PBXGroup;
			children = (
				1FA43BD6224E569900F565CB /* Main.storyboard */,
			);
			path = View;
			sourceTree = "<group>";
		};
		D31C034F26288F63009296B6 /* Model */ = {
			isa = PBXGroup;
			children = (
				D3DE2DA5262EE12200F1CB03 /* Logic.swift */,
			);
			path = Model;
			sourceTree = "<group>";
		};
/* End PBXGroup section */

/* Begin PBXNativeTarget section */
		1FA43BCE224E569900F565CB /* CountOnMe */ = {
			isa = PBXNativeTarget;
			buildConfigurationList = 1FA43BF7224E569A00F565CB /* Build configuration list for PBXNativeTarget "CountOnMe" */;
			buildPhases = (
				1FA43BCB224E569900F565CB /* Sources */,
				1FA43BCC224E569900F565CB /* Frameworks */,
				1FA43BCD224E569900F565CB /* Resources */,
			);
			buildRules = (
			);
			dependencies = (
			);
			name = CountOnMe;
			productName = SimpleCalc;
			productReference = 1FA43BCF224E569900F565CB /* CountOnMe.app */;
			productType = "com.apple.product-type.application";
		};
		D30E91182632D095005001B8 /* CountOnMeTests */ = {
			isa = PBXNativeTarget;
			buildConfigurationList = D30E91202632D095005001B8 /* Build configuration list for PBXNativeTarget "CountOnMeTests" */;
			buildPhases = (
				D30E91152632D095005001B8 /* Sources */,
				D30E91162632D095005001B8 /* Frameworks */,
				D30E91172632D095005001B8 /* Resources */,
			);
			buildRules = (
			);
			dependencies = (
				D30E911F2632D095005001B8 /* PBXTargetDependency */,
			);
			name = CountOnMeTests;
			productName = CountOnMeTests;
			productReference = D30E91192632D095005001B8 /* CountOnMeTests.xctest */;
			productType = "com.apple.product-type.bundle.unit-test";
		};
/* End PBXNativeTarget section */

/* Begin PBXProject section */
		1FA43BC7224E569900F565CB /* Project object */ = {
			isa = PBXProject;
			attributes = {
				LastSwiftUpdateCheck = 1240;
				LastUpgradeCheck = 1240;
				ORGANIZATIONNAME = "Vincent Saluzzo";
				TargetAttributes = {
					1FA43BCE224E569900F565CB = {
						CreatedOnToolsVersion = 10.2;
					};
					D30E91182632D095005001B8 = {
						CreatedOnToolsVersion = 12.4;
						LastSwiftMigration = 1240;
						TestTargetID = 1FA43BCE224E569900F565CB;
					};
				};
			};
			buildConfigurationList = 1FA43BCA224E569900F565CB /* Build configuration list for PBXProject "CountOnMe" */;
			compatibilityVersion = "Xcode 9.3";
			developmentRegion = en;
			hasScannedForEncodings = 0;
			knownRegions = (
				en,
				Base,
			);
			mainGroup = 1FA43BC6224E569900F565CB;
			productRefGroup = 1FA43BD0224E569900F565CB /* Products */;
			projectDirPath = "";
			projectRoot = "";
			targets = (
				1FA43BCE224E569900F565CB /* CountOnMe */,
				D30E91182632D095005001B8 /* CountOnMeTests */,
			);
		};
/* End PBXProject section */

/* Begin PBXResourcesBuildPhase section */
		1FA43BCD224E569900F565CB /* Resources */ = {
			isa = PBXResourcesBuildPhase;
			buildActionMask = 2147483647;
			files = (
				1FA43BDD224E569A00F565CB /* LaunchScreen.storyboard in Resources */,
				1FA43BDA224E569A00F565CB /* Assets.xcassets in Resources */,
				1FA43BD8224E569900F565CB /* Main.storyboard in Resources */,
			);
			runOnlyForDeploymentPostprocessing = 0;
		};
		D30E91172632D095005001B8 /* Resources */ = {
			isa = PBXResourcesBuildPhase;
			buildActionMask = 2147483647;
			files = (
			);
			runOnlyForDeploymentPostprocessing = 0;
		};
/* End PBXResourcesBuildPhase section */

/* Begin PBXSourcesBuildPhase section */
		1FA43BCB224E569900F565CB /* Sources */ = {
			isa = PBXSourcesBuildPhase;
			buildActionMask = 2147483647;
			files = (
				D30125A926381E63004CE746 /* AlertManager.swift in Sources */,
				1FA43BD5224E569900F565CB /* ViewController.swift in Sources */,
				D3DE2DA6262EE12200F1CB03 /* Logic.swift in Sources */,
				1FA43BD3224E569900F565CB /* AppDelegate.swift in Sources */,
			);
			runOnlyForDeploymentPostprocessing = 0;
		};
		D30E91152632D095005001B8 /* Sources */ = {
			isa = PBXSourcesBuildPhase;
			buildActionMask = 2147483647;
			files = (
				D30E91282632D0E8005001B8 /* CountOnMeTestCase.swift in Sources */,
			);
			runOnlyForDeploymentPostprocessing = 0;
		};
/* End PBXSourcesBuildPhase section */

/* Begin PBXTargetDependency section */
		D30E911F2632D095005001B8 /* PBXTargetDependency */ = {
			isa = PBXTargetDependency;
			target = 1FA43BCE224E569900F565CB /* CountOnMe */;
			targetProxy = D30E911E2632D095005001B8 /* PBXContainerItemProxy */;
		};
/* End PBXTargetDependency section */

/* Begin PBXVariantGroup section */
		1FA43BD6224E569900F565CB /* Main.storyboard */ = {
			isa = PBXVariantGroup;
			children = (
				1FA43BD7224E569900F565CB /* Base */,
			);
			name = Main.storyboard;
			sourceTree = "<group>";
		};
		1FA43BDB224E569A00F565CB /* LaunchScreen.storyboard */ = {
			isa = PBXVariantGroup;
			children = (
				1FA43BDC224E569A00F565CB /* Base */,
			);
			name = LaunchScreen.storyboard;
			sourceTree = "<group>";
		};
/* End PBXVariantGroup section */

/* Begin XCBuildConfiguration section */
		1FA43BF5224E569A00F565CB /* Debug */ = {
			isa = XCBuildConfiguration;
			buildSettings = {
				ALWAYS_SEARCH_USER_PATHS = NO;
				CLANG_ANALYZER_NONNULL = YES;
				CLANG_ANALYZER_NUMBER_OBJECT_CONVERSION = YES_AGGRESSIVE;
				CLANG_CXX_LANGUAGE_STANDARD = "gnu++14";
				CLANG_CXX_LIBRARY = "libc++";
				CLANG_ENABLE_MODULES = YES;
				CLANG_ENABLE_OBJC_ARC = YES;
				CLANG_ENABLE_OBJC_WEAK = YES;
				CLANG_WARN_BLOCK_CAPTURE_AUTORELEASING = YES;
				CLANG_WARN_BOOL_CONVERSION = YES;
				CLANG_WARN_COMMA = YES;
				CLANG_WARN_CONSTANT_CONVERSION = YES;
				CLANG_WARN_DEPRECATED_OBJC_IMPLEMENTATIONS = YES;
				CLANG_WARN_DIRECT_OBJC_ISA_USAGE = YES_ERROR;
				CLANG_WARN_DOCUMENTATION_COMMENTS = YES;
				CLANG_WARN_EMPTY_BODY = YES;
				CLANG_WARN_ENUM_CONVERSION = YES;
				CLANG_WARN_INFINITE_RECURSION = YES;
				CLANG_WARN_INT_CONVERSION = YES;
				CLANG_WARN_NON_LITERAL_NULL_CONVERSION = YES;
				CLANG_WARN_OBJC_IMPLICIT_RETAIN_SELF = YES;
				CLANG_WARN_OBJC_LITERAL_CONVERSION = YES;
				CLANG_WARN_OBJC_ROOT_CLASS = YES_ERROR;
				CLANG_WARN_QUOTED_INCLUDE_IN_FRAMEWORK_HEADER = YES;
				CLANG_WARN_RANGE_LOOP_ANALYSIS = YES;
				CLANG_WARN_STRICT_PROTOTYPES = YES;
				CLANG_WARN_SUSPICIOUS_MOVE = YES;
				CLANG_WARN_UNGUARDED_AVAILABILITY = YES_AGGRESSIVE;
				CLANG_WARN_UNREACHABLE_CODE = YES;
				CLANG_WARN__DUPLICATE_METHOD_MATCH = YES;
				CODE_SIGN_IDENTITY = "iPhone Developer";
				COPY_PHASE_STRIP = NO;
				DEBUG_INFORMATION_FORMAT = dwarf;
				ENABLE_STRICT_OBJC_MSGSEND = YES;
				ENABLE_TESTABILITY = YES;
				GCC_C_LANGUAGE_STANDARD = gnu11;
				GCC_DYNAMIC_NO_PIC = NO;
				GCC_NO_COMMON_BLOCKS = YES;
				GCC_OPTIMIZATION_LEVEL = 0;
				GCC_PREPROCESSOR_DEFINITIONS = (
					"DEBUG=1",
					"$(inherited)",
				);
				GCC_WARN_64_TO_32_BIT_CONVERSION = YES;
				GCC_WARN_ABOUT_RETURN_TYPE = YES_ERROR;
				GCC_WARN_UNDECLARED_SELECTOR = YES;
				GCC_WARN_UNINITIALIZED_AUTOS = YES_AGGRESSIVE;
				GCC_WARN_UNUSED_FUNCTION = YES;
				GCC_WARN_UNUSED_VARIABLE = YES;
				IPHONEOS_DEPLOYMENT_TARGET = 14.4;
				MTL_ENABLE_DEBUG_INFO = INCLUDE_SOURCE;
				MTL_FAST_MATH = YES;
				ONLY_ACTIVE_ARCH = YES;
				SDKROOT = iphoneos;
				SWIFT_ACTIVE_COMPILATION_CONDITIONS = DEBUG;
				SWIFT_OPTIMIZATION_LEVEL = "-Onone";
			};
			name = Debug;
		};
		1FA43BF6224E569A00F565CB /* Release */ = {
			isa = XCBuildConfiguration;
			buildSettings = {
				ALWAYS_SEARCH_USER_PATHS = NO;
				CLANG_ANALYZER_NONNULL = YES;
				CLANG_ANALYZER_NUMBER_OBJECT_CONVERSION = YES_AGGRESSIVE;
				CLANG_CXX_LANGUAGE_STANDARD = "gnu++14";
				CLANG_CXX_LIBRARY = "libc++";
				CLANG_ENABLE_MODULES = YES;
				CLANG_ENABLE_OBJC_ARC = YES;
				CLANG_ENABLE_OBJC_WEAK = YES;
				CLANG_WARN_BLOCK_CAPTURE_AUTORELEASING = YES;
				CLANG_WARN_BOOL_CONVERSION = YES;
				CLANG_WARN_COMMA = YES;
				CLANG_WARN_CONSTANT_CONVERSION = YES;
				CLANG_WARN_DEPRECATED_OBJC_IMPLEMENTATIONS = YES;
				CLANG_WARN_DIRECT_OBJC_ISA_USAGE = YES_ERROR;
				CLANG_WARN_DOCUMENTATION_COMMENTS = YES;
				CLANG_WARN_EMPTY_BODY = YES;
				CLANG_WARN_ENUM_CONVERSION = YES;
				CLANG_WARN_INFINITE_RECURSION = YES;
				CLANG_WARN_INT_CONVERSION = YES;
				CLANG_WARN_NON_LITERAL_NULL_CONVERSION = YES;
				CLANG_WARN_OBJC_IMPLICIT_RETAIN_SELF = YES;
				CLANG_WARN_OBJC_LITERAL_CONVERSION = YES;
				CLANG_WARN_OBJC_ROOT_CLASS = YES_ERROR;
				CLANG_WARN_QUOTED_INCLUDE_IN_FRAMEWORK_HEADER = YES;
				CLANG_WARN_RANGE_LOOP_ANALYSIS = YES;
				CLANG_WARN_STRICT_PROTOTYPES = YES;
				CLANG_WARN_SUSPICIOUS_MOVE = YES;
				CLANG_WARN_UNGUARDED_AVAILABILITY = YES_AGGRESSIVE;
				CLANG_WARN_UNREACHABLE_CODE = YES;
				CLANG_WARN__DUPLICATE_METHOD_MATCH = YES;
				CODE_SIGN_IDENTITY = "iPhone Developer";
				COPY_PHASE_STRIP = NO;
				DEBUG_INFORMATION_FORMAT = "dwarf-with-dsym";
				ENABLE_NS_ASSERTIONS = NO;
				ENABLE_STRICT_OBJC_MSGSEND = YES;
				GCC_C_LANGUAGE_STANDARD = gnu11;
				GCC_NO_COMMON_BLOCKS = YES;
				GCC_WARN_64_TO_32_BIT_CONVERSION = YES;
				GCC_WARN_ABOUT_RETURN_TYPE = YES_ERROR;
				GCC_WARN_UNDECLARED_SELECTOR = YES;
				GCC_WARN_UNINITIALIZED_AUTOS = YES_AGGRESSIVE;
				GCC_WARN_UNUSED_FUNCTION = YES;
				GCC_WARN_UNUSED_VARIABLE = YES;
				IPHONEOS_DEPLOYMENT_TARGET = 14.4;
				MTL_ENABLE_DEBUG_INFO = NO;
				MTL_FAST_MATH = YES;
				SDKROOT = iphoneos;
				SWIFT_COMPILATION_MODE = wholemodule;
				SWIFT_OPTIMIZATION_LEVEL = "-O";
				VALIDATE_PRODUCT = YES;
			};
			name = Release;
		};
		1FA43BF8224E569A00F565CB /* Debug */ = {
			isa = XCBuildConfiguration;
			buildSettings = {
				ASSETCATALOG_COMPILER_APPICON_NAME = AppIcon;
				CODE_SIGN_STYLE = Automatic;
				INFOPLIST_FILE = "$(SRCROOT)/CountOnMe/Info.plist";
				LD_RUNPATH_SEARCH_PATHS = (
					"$(inherited)",
					"@executable_path/Frameworks",
				);
				PRODUCT_BUNDLE_IDENTIFIER = com.vincentsaluzzo.CountOnMe;
				PRODUCT_NAME = "$(TARGET_NAME)";
				SWIFT_VERSION = 5.0;
				TARGETED_DEVICE_FAMILY = "1,2";
			};
			name = Debug;
		};
		1FA43BF9224E569A00F565CB /* Release */ = {
			isa = XCBuildConfiguration;
			buildSettings = {
				ASSETCATALOG_COMPILER_APPICON_NAME = AppIcon;
				CODE_SIGN_STYLE = Automatic;
				INFOPLIST_FILE = "$(SRCROOT)/CountOnMe/Info.plist";
				LD_RUNPATH_SEARCH_PATHS = (
					"$(inherited)",
					"@executable_path/Frameworks",
				);
				PRODUCT_BUNDLE_IDENTIFIER = com.vincentsaluzzo.CountOnMe;
				PRODUCT_NAME = "$(TARGET_NAME)";
				SWIFT_VERSION = 5.0;
				TARGETED_DEVICE_FAMILY = "1,2";
			};
			name = Release;
		};
		D30E91212632D095005001B8 /* Debug */ = {
			isa = XCBuildConfiguration;
			buildSettings = {
				BUNDLE_LOADER = "$(TEST_HOST)";
				CLANG_ENABLE_MODULES = YES;
				CODE_SIGN_STYLE = Automatic;
				DEVELOPMENT_TEAM = MMWV3F3KVU;
				INFOPLIST_FILE = CountOnMeTests/Info.plist;
				LD_RUNPATH_SEARCH_PATHS = (
					"$(inherited)",
					"@executable_path/Frameworks",
					"@loader_path/Frameworks",
				);
				PRODUCT_BUNDLE_IDENTIFIER = fr.FriessBrian.CountOnMeTests;
				PRODUCT_NAME = "$(TARGET_NAME)";
				SWIFT_OPTIMIZATION_LEVEL = "-Onone";
				SWIFT_VERSION = 5.0;
				TARGETED_DEVICE_FAMILY = "1,2";
				TEST_HOST = "$(BUILT_PRODUCTS_DIR)/CountOnMe.app/CountOnMe";
			};
			name = Debug;
		};
		D30E91222632D095005001B8 /* Release */ = {
			isa = XCBuildConfiguration;
			buildSettings = {
				BUNDLE_LOADER = "$(TEST_HOST)";
				CLANG_ENABLE_MODULES = YES;
				CODE_SIGN_STYLE = Automatic;
				DEVELOPMENT_TEAM = MMWV3F3KVU;
				INFOPLIST_FILE = CountOnMeTests/Info.plist;
				LD_RUNPATH_SEARCH_PATHS = (
					"$(inherited)",
					"@executable_path/Frameworks",
					"@loader_path/Frameworks",
				);
				PRODUCT_BUNDLE_IDENTIFIER = fr.FriessBrian.CountOnMeTests;
				PRODUCT_NAME = "$(TARGET_NAME)";
				SWIFT_VERSION = 5.0;
				TARGETED_DEVICE_FAMILY = "1,2";
				TEST_HOST = "$(BUILT_PRODUCTS_DIR)/CountOnMe.app/CountOnMe";
			};
			name = Release;
		};
/* End XCBuildConfiguration section */

/* Begin XCConfigurationList section */
		1FA43BCA224E569900F565CB /* Build configuration list for PBXProject "CountOnMe" */ = {
			isa = XCConfigurationList;
			buildConfigurations = (
				1FA43BF5224E569A00F565CB /* Debug */,
				1FA43BF6224E569A00F565CB /* Release */,
			);
			defaultConfigurationIsVisible = 0;
			defaultConfigurationName = Release;
		};
		1FA43BF7224E569A00F565CB /* Build configuration list for PBXNativeTarget "CountOnMe" */ = {
			isa = XCConfigurationList;
			buildConfigurations = (
				1FA43BF8224E569A00F565CB /* Debug */,
				1FA43BF9224E569A00F565CB /* Release */,
			);
			defaultConfigurationIsVisible = 0;
			defaultConfigurationName = Release;
		};
		D30E91202632D095005001B8 /* Build configuration list for PBXNativeTarget "CountOnMeTests" */ = {
			isa = XCConfigurationList;
			buildConfigurations = (
				D30E91212632D095005001B8 /* Debug */,
				D30E91222632D095005001B8 /* Release */,
			);
			defaultConfigurationIsVisible = 0;
			defaultConfigurationName = Release;
		};
/* End XCConfigurationList section */
	};
	rootObject = 1FA43BC7224E569900F565CB /* Project object */;
}
